// !$*UTF8*$!
{
	archiveVersion = 1;
	classes = {
	};
	objectVersion = 56;
	objects = {

/* Begin PBXBuildFile section */
		176975F22B7A02B500D0142E /* AppDelegate.swift in Sources */ = {isa = PBXBuildFile; fileRef = 176975F12B7A02B500D0142E /* AppDelegate.swift */; };
		176975F42B7A02B500D0142E /* SceneDelegate.swift in Sources */ = {isa = PBXBuildFile; fileRef = 176975F32B7A02B500D0142E /* SceneDelegate.swift */; };
		176975F62B7A02B500D0142E /* ViewController.swift in Sources */ = {isa = PBXBuildFile; fileRef = 176975F52B7A02B500D0142E /* ViewController.swift */; };
		176975F92B7A02B500D0142E /* Main.storyboard in Resources */ = {isa = PBXBuildFile; fileRef = 176975F72B7A02B500D0142E /* Main.storyboard */; };
		176975FC2B7A02B500D0142E /* Sample.xcdatamodeld in Sources */ = {isa = PBXBuildFile; fileRef = 176975FA2B7A02B500D0142E /* Sample.xcdatamodeld */; };
		176975FE2B7A02B600D0142E /* Assets.xcassets in Resources */ = {isa = PBXBuildFile; fileRef = 176975FD2B7A02B600D0142E /* Assets.xcassets */; };
		176976012B7A02B600D0142E /* LaunchScreen.storyboard in Resources */ = {isa = PBXBuildFile; fileRef = 176975FF2B7A02B600D0142E /* LaunchScreen.storyboard */; };
		176976192B7A398200D0142E /* NetworkService.swift in Sources */ = {isa = PBXBuildFile; fileRef = 176976182B7A398200D0142E /* NetworkService.swift */; };
		1769761B2B7A39B300D0142E /* CoreDataManager.swift in Sources */ = {isa = PBXBuildFile; fileRef = 1769761A2B7A39B300D0142E /* CoreDataManager.swift */; };
		176976232B7A3FAF00D0142E /* PostViewModel.swift in Sources */ = {isa = PBXBuildFile; fileRef = 176976222B7A3FAF00D0142E /* PostViewModel.swift */; };
		EA697FC22BBC5E030083B30F /* SampleUITests.swift in Sources */ = {isa = PBXBuildFile; fileRef = EA697FC12BBC5E030083B30F /* SampleUITests.swift */; };
		EA697FC42BBC5E030083B30F /* SampleUITestsLaunchTests.swift in Sources */ = {isa = PBXBuildFile; fileRef = EA697FC32BBC5E030083B30F /* SampleUITestsLaunchTests.swift */; };
		EAA3AEBD2BBB0D54004B9AE9 /* SampleTests.swift in Sources */ = {isa = PBXBuildFile; fileRef = EAA3AEBC2BBB0D54004B9AE9 /* SampleTests.swift */; };
/* End PBXBuildFile section */

/* Begin PBXContainerItemProxy section */
		EA697FC52BBC5E030083B30F /* PBXContainerItemProxy */ = {
			isa = PBXContainerItemProxy;
			containerPortal = 176975E62B7A02B500D0142E /* Project object */;
			proxyType = 1;
			remoteGlobalIDString = 176975ED2B7A02B500D0142E;
			remoteInfo = Sample;
		};
		EAA3AEBE2BBB0D54004B9AE9 /* PBXContainerItemProxy */ = {
			isa = PBXContainerItemProxy;
			containerPortal = 176975E62B7A02B500D0142E /* Project object */;
			proxyType = 1;
			remoteGlobalIDString = 176975ED2B7A02B500D0142E;
			remoteInfo = Sample;
		};
/* End PBXContainerItemProxy section */

/* Begin PBXFileReference section */
		176975EE2B7A02B500D0142E /* Sample.app */ = {isa = PBXFileReference; explicitFileType = wrapper.application; includeInIndex = 0; path = Sample.app; sourceTree = BUILT_PRODUCTS_DIR; };
		176975F12B7A02B500D0142E /* AppDelegate.swift */ = {isa = PBXFileReference; lastKnownFileType = sourcecode.swift; path = AppDelegate.swift; sourceTree = "<group>"; };
		176975F32B7A02B500D0142E /* SceneDelegate.swift */ = {isa = PBXFileReference; lastKnownFileType = sourcecode.swift; path = SceneDelegate.swift; sourceTree = "<group>"; };
		176975F52B7A02B500D0142E /* ViewController.swift */ = {isa = PBXFileReference; lastKnownFileType = sourcecode.swift; path = ViewController.swift; sourceTree = "<group>"; };
		176975F82B7A02B500D0142E /* Base */ = {isa = PBXFileReference; lastKnownFileType = file.storyboard; name = Base; path = Base.lproj/Main.storyboard; sourceTree = "<group>"; };
		176975FB2B7A02B500D0142E /* Sample.xcdatamodel */ = {isa = PBXFileReference; lastKnownFileType = wrapper.xcdatamodel; path = Sample.xcdatamodel; sourceTree = "<group>"; };
		176975FD2B7A02B600D0142E /* Assets.xcassets */ = {isa = PBXFileReference; lastKnownFileType = folder.assetcatalog; path = Assets.xcassets; sourceTree = "<group>"; };
		176976002B7A02B600D0142E /* Base */ = {isa = PBXFileReference; lastKnownFileType = file.storyboard; name = Base; path = Base.lproj/LaunchScreen.storyboard; sourceTree = "<group>"; };
		176976022B7A02B600D0142E /* Info.plist */ = {isa = PBXFileReference; lastKnownFileType = text.plist.xml; path = Info.plist; sourceTree = "<group>"; };
		176976182B7A398200D0142E /* NetworkService.swift */ = {isa = PBXFileReference; lastKnownFileType = sourcecode.swift; path = NetworkService.swift; sourceTree = "<group>"; };
		1769761A2B7A39B300D0142E /* CoreDataManager.swift */ = {isa = PBXFileReference; lastKnownFileType = sourcecode.swift; path = CoreDataManager.swift; sourceTree = "<group>"; };
		176976222B7A3FAF00D0142E /* PostViewModel.swift */ = {isa = PBXFileReference; lastKnownFileType = sourcecode.swift; path = PostViewModel.swift; sourceTree = "<group>"; };
		EA697FBF2BBC5E030083B30F /* SampleUITests.xctest */ = {isa = PBXFileReference; explicitFileType = wrapper.cfbundle; includeInIndex = 0; path = SampleUITests.xctest; sourceTree = BUILT_PRODUCTS_DIR; };
		EA697FC12BBC5E030083B30F /* SampleUITests.swift */ = {isa = PBXFileReference; lastKnownFileType = sourcecode.swift; path = SampleUITests.swift; sourceTree = "<group>"; };
		EA697FC32BBC5E030083B30F /* SampleUITestsLaunchTests.swift */ = {isa = PBXFileReference; lastKnownFileType = sourcecode.swift; path = SampleUITestsLaunchTests.swift; sourceTree = "<group>"; };
		EAA3AEBA2BBB0D54004B9AE9 /* SampleTests.xctest */ = {isa = PBXFileReference; explicitFileType = wrapper.cfbundle; includeInIndex = 0; path = SampleTests.xctest; sourceTree = BUILT_PRODUCTS_DIR; };
		EAA3AEBC2BBB0D54004B9AE9 /* SampleTests.swift */ = {isa = PBXFileReference; lastKnownFileType = sourcecode.swift; path = SampleTests.swift; sourceTree = "<group>"; };
/* End PBXFileReference section */

/* Begin PBXFrameworksBuildPhase section */
		176975EB2B7A02B500D0142E /* Frameworks */ = {
			isa = PBXFrameworksBuildPhase;
			buildActionMask = 2147483647;
			files = (
			);
			runOnlyForDeploymentPostprocessing = 0;
		};
		EA697FBC2BBC5E030083B30F /* Frameworks */ = {
			isa = PBXFrameworksBuildPhase;
			buildActionMask = 2147483647;
			files = (
			);
			runOnlyForDeploymentPostprocessing = 0;
		};
		EAA3AEB72BBB0D54004B9AE9 /* Frameworks */ = {
			isa = PBXFrameworksBuildPhase;
			buildActionMask = 2147483647;
			files = (
			);
			runOnlyForDeploymentPostprocessing = 0;
		};
/* End PBXFrameworksBuildPhase section */

/* Begin PBXGroup section */
		176975E52B7A02B500D0142E = {
			isa = PBXGroup;
			children = (
				176975F02B7A02B500D0142E /* Sample */,
				EAA3AEBB2BBB0D54004B9AE9 /* SampleTests */,
				EA697FC02BBC5E030083B30F /* SampleUITests */,
				176975EF2B7A02B500D0142E /* Products */,
			);
			sourceTree = "<group>";
		};
		176975EF2B7A02B500D0142E /* Products */ = {
			isa = PBXGroup;
			children = (
				176975EE2B7A02B500D0142E /* Sample.app */,
				EAA3AEBA2BBB0D54004B9AE9 /* SampleTests.xctest */,
				EA697FBF2BBC5E030083B30F /* SampleUITests.xctest */,
			);
			name = Products;
			sourceTree = "<group>";
		};
		176975F02B7A02B500D0142E /* Sample */ = {
			isa = PBXGroup;
			children = (
				176975F12B7A02B500D0142E /* AppDelegate.swift */,
				1769761C2B7A3C5400D0142E /* Network */,
				1769761D2B7A3C8B00D0142E /* CoreData */,
				176976242B7A4E1F00D0142E /* Model */,
				176976252B7A4E3600D0142E /* VC */,
				176975F32B7A02B500D0142E /* SceneDelegate.swift */,
				176975F72B7A02B500D0142E /* Main.storyboard */,
				176975FD2B7A02B600D0142E /* Assets.xcassets */,
				176975FF2B7A02B600D0142E /* LaunchScreen.storyboard */,
				176976022B7A02B600D0142E /* Info.plist */,
			);
			path = Sample;
			sourceTree = "<group>";
		};
		1769761C2B7A3C5400D0142E /* Network */ = {
			isa = PBXGroup;
			children = (
				176976182B7A398200D0142E /* NetworkService.swift */,
			);
			path = Network;
			sourceTree = "<group>";
		};
		1769761D2B7A3C8B00D0142E /* CoreData */ = {
			isa = PBXGroup;
			children = (
				176975FA2B7A02B500D0142E /* Sample.xcdatamodeld */,
				1769761A2B7A39B300D0142E /* CoreDataManager.swift */,
			);
			path = CoreData;
			sourceTree = "<group>";
		};
		176976242B7A4E1F00D0142E /* Model */ = {
			isa = PBXGroup;
			children = (
				176976222B7A3FAF00D0142E /* PostViewModel.swift */,
			);
			path = Model;
			sourceTree = "<group>";
		};
		176976252B7A4E3600D0142E /* VC */ = {
			isa = PBXGroup;
			children = (
				176975F52B7A02B500D0142E /* ViewController.swift */,
			);
			path = VC;
			sourceTree = "<group>";
		};
		EA697FC02BBC5E030083B30F /* SampleUITests */ = {
			isa = PBXGroup;
			children = (
				EA697FC12BBC5E030083B30F /* SampleUITests.swift */,
				EA697FC32BBC5E030083B30F /* SampleUITestsLaunchTests.swift */,
			);
			path = SampleUITests;
			sourceTree = "<group>";
		};
		EAA3AEBB2BBB0D54004B9AE9 /* SampleTests */ = {
			isa = PBXGroup;
			children = (
				EAA3AEBC2BBB0D54004B9AE9 /* SampleTests.swift */,
			);
			path = SampleTests;
			sourceTree = "<group>";
		};
/* End PBXGroup section */

/* Begin PBXNativeTarget section */
		176975ED2B7A02B500D0142E /* Sample */ = {
			isa = PBXNativeTarget;
			buildConfigurationList = 176976052B7A02B600D0142E /* Build configuration list for PBXNativeTarget "Sample" */;
			buildPhases = (
				176975EA2B7A02B500D0142E /* Sources */,
				176975EB2B7A02B500D0142E /* Frameworks */,
				176975EC2B7A02B500D0142E /* Resources */,
			);
			buildRules = (
			);
			dependencies = (
			);
			name = Sample;
			productName = Sample;
			productReference = 176975EE2B7A02B500D0142E /* Sample.app */;
			productType = "com.apple.product-type.application";
		};
		EA697FBE2BBC5E030083B30F /* SampleUITests */ = {
			isa = PBXNativeTarget;
			buildConfigurationList = EA697FC92BBC5E030083B30F /* Build configuration list for PBXNativeTarget "SampleUITests" */;
			buildPhases = (
				EA697FBB2BBC5E030083B30F /* Sources */,
				EA697FBC2BBC5E030083B30F /* Frameworks */,
				EA697FBD2BBC5E030083B30F /* Resources */,
			);
			buildRules = (
			);
			dependencies = (
				EA697FC62BBC5E030083B30F /* PBXTargetDependency */,
			);
			name = SampleUITests;
			productName = SampleUITests;
			productReference = EA697FBF2BBC5E030083B30F /* SampleUITests.xctest */;
			productType = "com.apple.product-type.bundle.ui-testing";
		};
		EAA3AEB92BBB0D54004B9AE9 /* SampleTests */ = {
			isa = PBXNativeTarget;
			buildConfigurationList = EAA3AEC22BBB0D54004B9AE9 /* Build configuration list for PBXNativeTarget "SampleTests" */;
			buildPhases = (
				EAA3AEB62BBB0D54004B9AE9 /* Sources */,
				EAA3AEB72BBB0D54004B9AE9 /* Frameworks */,
				EAA3AEB82BBB0D54004B9AE9 /* Resources */,
			);
			buildRules = (
			);
			dependencies = (
				EAA3AEBF2BBB0D54004B9AE9 /* PBXTargetDependency */,
			);
			name = SampleTests;
			productName = SampleTests;
			productReference = EAA3AEBA2BBB0D54004B9AE9 /* SampleTests.xctest */;
			productType = "com.apple.product-type.bundle.unit-test";
		};
/* End PBXNativeTarget section */

/* Begin PBXProject section */
		176975E62B7A02B500D0142E /* Project object */ = {
			isa = PBXProject;
			attributes = {
				BuildIndependentTargetsInParallel = 1;
				LastSwiftUpdateCheck = 1520;
				LastUpgradeCheck = 1500;
				TargetAttributes = {
					176975ED2B7A02B500D0142E = {
						CreatedOnToolsVersion = 15.0.1;
					};
					EA697FBE2BBC5E030083B30F = {
						CreatedOnToolsVersion = 15.2;
						TestTargetID = 176975ED2B7A02B500D0142E;
					};
					EAA3AEB92BBB0D54004B9AE9 = {
						CreatedOnToolsVersion = 15.2;
						TestTargetID = 176975ED2B7A02B500D0142E;
					};
				};
			};
			buildConfigurationList = 176975E92B7A02B500D0142E /* Build configuration list for PBXProject "Sample" */;
			compatibilityVersion = "Xcode 14.0";
			developmentRegion = en;
			hasScannedForEncodings = 0;
			knownRegions = (
				en,
				Base,
			);
			mainGroup = 176975E52B7A02B500D0142E;
			productRefGroup = 176975EF2B7A02B500D0142E /* Products */;
			projectDirPath = "";
			projectRoot = "";
			targets = (
				176975ED2B7A02B500D0142E /* Sample */,
				EAA3AEB92BBB0D54004B9AE9 /* SampleTests */,
				EA697FBE2BBC5E030083B30F /* SampleUITests */,
			);
		};
/* End PBXProject section */

/* Begin PBXResourcesBuildPhase section */
		176975EC2B7A02B500D0142E /* Resources */ = {
			isa = PBXResourcesBuildPhase;
			buildActionMask = 2147483647;
			files = (
				176976012B7A02B600D0142E /* LaunchScreen.storyboard in Resources */,
				176975FE2B7A02B600D0142E /* Assets.xcassets in Resources */,
				176975F92B7A02B500D0142E /* Main.storyboard in Resources */,
			);
			runOnlyForDeploymentPostprocessing = 0;
		};
		EA697FBD2BBC5E030083B30F /* Resources */ = {
			isa = PBXResourcesBuildPhase;
			buildActionMask = 2147483647;
			files = (
			);
			runOnlyForDeploymentPostprocessing = 0;
		};
		EAA3AEB82BBB0D54004B9AE9 /* Resources */ = {
			isa = PBXResourcesBuildPhase;
			buildActionMask = 2147483647;
			files = (
			);
			runOnlyForDeploymentPostprocessing = 0;
		};
/* End PBXResourcesBuildPhase section */

/* Begin PBXSourcesBuildPhase section */
		176975EA2B7A02B500D0142E /* Sources */ = {
			isa = PBXSourcesBuildPhase;
			buildActionMask = 2147483647;
			files = (
				1769761B2B7A39B300D0142E /* CoreDataManager.swift in Sources */,
				176976232B7A3FAF00D0142E /* PostViewModel.swift in Sources */,
				176976192B7A398200D0142E /* NetworkService.swift in Sources */,
				176975F62B7A02B500D0142E /* ViewController.swift in Sources */,
				176975FC2B7A02B500D0142E /* Sample.xcdatamodeld in Sources */,
				176975F22B7A02B500D0142E /* AppDelegate.swift in Sources */,
				176975F42B7A02B500D0142E /* SceneDelegate.swift in Sources */,
			);
			runOnlyForDeploymentPostprocessing = 0;
		};
		EA697FBB2BBC5E030083B30F /* Sources */ = {
			isa = PBXSourcesBuildPhase;
			buildActionMask = 2147483647;
			files = (
				EA697FC42BBC5E030083B30F /* SampleUITestsLaunchTests.swift in Sources */,
				EA697FC22BBC5E030083B30F /* SampleUITests.swift in Sources */,
			);
			runOnlyForDeploymentPostprocessing = 0;
		};
		EAA3AEB62BBB0D54004B9AE9 /* Sources */ = {
			isa = PBXSourcesBuildPhase;
			buildActionMask = 2147483647;
			files = (
				EAA3AEBD2BBB0D54004B9AE9 /* SampleTests.swift in Sources */,
			);
			runOnlyForDeploymentPostprocessing = 0;
		};
/* End PBXSourcesBuildPhase section */

/* Begin PBXTargetDependency section */
		EA697FC62BBC5E030083B30F /* PBXTargetDependency */ = {
			isa = PBXTargetDependency;
			target = 176975ED2B7A02B500D0142E /* Sample */;
			targetProxy = EA697FC52BBC5E030083B30F /* PBXContainerItemProxy */;
		};
		EAA3AEBF2BBB0D54004B9AE9 /* PBXTargetDependency */ = {
			isa = PBXTargetDependency;
			target = 176975ED2B7A02B500D0142E /* Sample */;
			targetProxy = EAA3AEBE2BBB0D54004B9AE9 /* PBXContainerItemProxy */;
		};
/* End PBXTargetDependency section */

/* Begin PBXVariantGroup section */
		176975F72B7A02B500D0142E /* Main.storyboard */ = {
			isa = PBXVariantGroup;
			children = (
				176975F82B7A02B500D0142E /* Base */,
			);
			name = Main.storyboard;
			sourceTree = "<group>";
		};
		176975FF2B7A02B600D0142E /* LaunchScreen.storyboard */ = {
			isa = PBXVariantGroup;
			children = (
				176976002B7A02B600D0142E /* Base */,
			);
			name = LaunchScreen.storyboard;
			sourceTree = "<group>";
		};
/* End PBXVariantGroup section */

/* Begin XCBuildConfiguration section */
		176976032B7A02B600D0142E /* Debug */ = {
			isa = XCBuildConfiguration;
			buildSettings = {
				ALWAYS_SEARCH_USER_PATHS = NO;
				ASSETCATALOG_COMPILER_GENERATE_SWIFT_ASSET_SYMBOL_EXTENSIONS = YES;
				CLANG_ANALYZER_NONNULL = YES;
				CLANG_ANALYZER_NUMBER_OBJECT_CONVERSION = YES_AGGRESSIVE;
				CLANG_CXX_LANGUAGE_STANDARD = "gnu++20";
				CLANG_ENABLE_MODULES = YES;
				CLANG_ENABLE_OBJC_ARC = YES;
				CLANG_ENABLE_OBJC_WEAK = YES;
				CLANG_WARN_BLOCK_CAPTURE_AUTORELEASING = YES;
				CLANG_WARN_BOOL_CONVERSION = YES;
				CLANG_WARN_COMMA = YES;
				CLANG_WARN_CONSTANT_CONVERSION = YES;
				CLANG_WARN_DEPRECATED_OBJC_IMPLEMENTATIONS = YES;
				CLANG_WARN_DIRECT_OBJC_ISA_USAGE = YES_ERROR;
				CLANG_WARN_DOCUMENTATION_COMMENTS = YES;
				CLANG_WARN_EMPTY_BODY = YES;
				CLANG_WARN_ENUM_CONVERSION = YES;
				CLANG_WARN_INFINITE_RECURSION = YES;
				CLANG_WARN_INT_CONVERSION = YES;
				CLANG_WARN_NON_LITERAL_NULL_CONVERSION = YES;
				CLANG_WARN_OBJC_IMPLICIT_RETAIN_SELF = YES;
				CLANG_WARN_OBJC_LITERAL_CONVERSION = YES;
				CLANG_WARN_OBJC_ROOT_CLASS = YES_ERROR;
				CLANG_WARN_QUOTED_INCLUDE_IN_FRAMEWORK_HEADER = YES;
				CLANG_WARN_RANGE_LOOP_ANALYSIS = YES;
				CLANG_WARN_STRICT_PROTOTYPES = YES;
				CLANG_WARN_SUSPICIOUS_MOVE = YES;
				CLANG_WARN_UNGUARDED_AVAILABILITY = YES_AGGRESSIVE;
				CLANG_WARN_UNREACHABLE_CODE = YES;
				CLANG_WARN__DUPLICATE_METHOD_MATCH = YES;
				COPY_PHASE_STRIP = NO;
				DEBUG_INFORMATION_FORMAT = dwarf;
				ENABLE_STRICT_OBJC_MSGSEND = YES;
				ENABLE_TESTABILITY = YES;
				ENABLE_USER_SCRIPT_SANDBOXING = YES;
				GCC_C_LANGUAGE_STANDARD = gnu17;
				GCC_DYNAMIC_NO_PIC = NO;
				GCC_NO_COMMON_BLOCKS = YES;
				GCC_OPTIMIZATION_LEVEL = 0;
				GCC_PREPROCESSOR_DEFINITIONS = (
					"DEBUG=1",
					"$(inherited)",
				);
				GCC_WARN_64_TO_32_BIT_CONVERSION = YES;
				GCC_WARN_ABOUT_RETURN_TYPE = YES_ERROR;
				GCC_WARN_UNDECLARED_SELECTOR = YES;
				GCC_WARN_UNINITIALIZED_AUTOS = YES_AGGRESSIVE;
				GCC_WARN_UNUSED_FUNCTION = YES;
				GCC_WARN_UNUSED_VARIABLE = YES;
				IPHONEOS_DEPLOYMENT_TARGET = 17.0;
				LOCALIZATION_PREFERS_STRING_CATALOGS = YES;
				MTL_ENABLE_DEBUG_INFO = INCLUDE_SOURCE;
				MTL_FAST_MATH = YES;
				ONLY_ACTIVE_ARCH = YES;
				SDKROOT = iphoneos;
				SWIFT_ACTIVE_COMPILATION_CONDITIONS = "DEBUG $(inherited)";
				SWIFT_OPTIMIZATION_LEVEL = "-Onone";
			};
			name = Debug;
		};
		176976042B7A02B600D0142E /* Release */ = {
			isa = XCBuildConfiguration;
			buildSettings = {
				ALWAYS_SEARCH_USER_PATHS = NO;
				ASSETCATALOG_COMPILER_GENERATE_SWIFT_ASSET_SYMBOL_EXTENSIONS = YES;
				CLANG_ANALYZER_NONNULL = YES;
				CLANG_ANALYZER_NUMBER_OBJECT_CONVERSION = YES_AGGRESSIVE;
				CLANG_CXX_LANGUAGE_STANDARD = "gnu++20";
				CLANG_ENABLE_MODULES = YES;
				CLANG_ENABLE_OBJC_ARC = YES;
				CLANG_ENABLE_OBJC_WEAK = YES;
				CLANG_WARN_BLOCK_CAPTURE_AUTORELEASING = YES;
				CLANG_WARN_BOOL_CONVERSION = YES;
				CLANG_WARN_COMMA = YES;
				CLANG_WARN_CONSTANT_CONVERSION = YES;
				CLANG_WARN_DEPRECATED_OBJC_IMPLEMENTATIONS = YES;
				CLANG_WARN_DIRECT_OBJC_ISA_USAGE = YES_ERROR;
				CLANG_WARN_DOCUMENTATION_COMMENTS = YES;
				CLANG_WARN_EMPTY_BODY = YES;
				CLANG_WARN_ENUM_CONVERSION = YES;
				CLANG_WARN_INFINITE_RECURSION = YES;
				CLANG_WARN_INT_CONVERSION = YES;
				CLANG_WARN_NON_LITERAL_NULL_CONVERSION = YES;
				CLANG_WARN_OBJC_IMPLICIT_RETAIN_SELF = YES;
				CLANG_WARN_OBJC_LITERAL_CONVERSION = YES;
				CLANG_WARN_OBJC_ROOT_CLASS = YES_ERROR;
				CLANG_WARN_QUOTED_INCLUDE_IN_FRAMEWORK_HEADER = YES;
				CLANG_WARN_RANGE_LOOP_ANALYSIS = YES;
				CLANG_WARN_STRICT_PROTOTYPES = YES;
				CLANG_WARN_SUSPICIOUS_MOVE = YES;
				CLANG_WARN_UNGUARDED_AVAILABILITY = YES_AGGRESSIVE;
				CLANG_WARN_UNREACHABLE_CODE = YES;
				CLANG_WARN__DUPLICATE_METHOD_MATCH = YES;
				COPY_PHASE_STRIP = NO;
				DEBUG_INFORMATION_FORMAT = "dwarf-with-dsym";
				ENABLE_NS_ASSERTIONS = NO;
				ENABLE_STRICT_OBJC_MSGSEND = YES;
				ENABLE_USER_SCRIPT_SANDBOXING = YES;
				GCC_C_LANGUAGE_STANDARD = gnu17;
				GCC_NO_COMMON_BLOCKS = YES;
				GCC_WARN_64_TO_32_BIT_CONVERSION = YES;
				GCC_WARN_ABOUT_RETURN_TYPE = YES_ERROR;
				GCC_WARN_UNDECLARED_SELECTOR = YES;
				GCC_WARN_UNINITIALIZED_AUTOS = YES_AGGRESSIVE;
				GCC_WARN_UNUSED_FUNCTION = YES;
				GCC_WARN_UNUSED_VARIABLE = YES;
				IPHONEOS_DEPLOYMENT_TARGET = 17.0;
				LOCALIZATION_PREFERS_STRING_CATALOGS = YES;
				MTL_ENABLE_DEBUG_INFO = NO;
				MTL_FAST_MATH = YES;
				SDKROOT = iphoneos;
				SWIFT_COMPILATION_MODE = wholemodule;
				VALIDATE_PRODUCT = YES;
			};
			name = Release;
		};
		176976062B7A02B600D0142E /* Debug */ = {
			isa = XCBuildConfiguration;
			buildSettings = {
				ASSETCATALOG_COMPILER_APPICON_NAME = AppIcon;
				ASSETCATALOG_COMPILER_GLOBAL_ACCENT_COLOR_NAME = AccentColor;
				CODE_SIGN_STYLE = Automatic;
				CURRENT_PROJECT_VERSION = 1;
				GENERATE_INFOPLIST_FILE = YES;
				INFOPLIST_FILE = Sample/Info.plist;
				INFOPLIST_KEY_UIApplicationSupportsIndirectInputEvents = YES;
				INFOPLIST_KEY_UILaunchStoryboardName = LaunchScreen;
				INFOPLIST_KEY_UIMainStoryboardFile = Main;
				INFOPLIST_KEY_UISupportedInterfaceOrientations_iPad = "UIInterfaceOrientationPortrait UIInterfaceOrientationPortraitUpsideDown UIInterfaceOrientationLandscapeLeft UIInterfaceOrientationLandscapeRight";
				INFOPLIST_KEY_UISupportedInterfaceOrientations_iPhone = "UIInterfaceOrientationPortrait UIInterfaceOrientationLandscapeLeft UIInterfaceOrientationLandscapeRight";
				LD_RUNPATH_SEARCH_PATHS = (
					"$(inherited)",
					"@executable_path/Frameworks",
				);
				MARKETING_VERSION = 1.0;
				PRODUCT_BUNDLE_IDENTIFIER = Test.co.in.Sample;
				PRODUCT_NAME = "$(TARGET_NAME)";
				SWIFT_EMIT_LOC_STRINGS = YES;
				SWIFT_VERSION = 5.0;
				TARGETED_DEVICE_FAMILY = "1,2";
			};
			name = Debug;
		};
		176976072B7A02B600D0142E /* Release */ = {
			isa = XCBuildConfiguration;
			buildSettings = {
				ASSETCATALOG_COMPILER_APPICON_NAME = AppIcon;
				ASSETCATALOG_COMPILER_GLOBAL_ACCENT_COLOR_NAME = AccentColor;
				CODE_SIGN_STYLE = Automatic;
				CURRENT_PROJECT_VERSION = 1;
				GENERATE_INFOPLIST_FILE = YES;
				INFOPLIST_FILE = Sample/Info.plist;
				INFOPLIST_KEY_UIApplicationSupportsIndirectInputEvents = YES;
				INFOPLIST_KEY_UILaunchStoryboardName = LaunchScreen;
				INFOPLIST_KEY_UIMainStoryboardFile = Main;
				INFOPLIST_KEY_UISupportedInterfaceOrientations_iPad = "UIInterfaceOrientationPortrait UIInterfaceOrientationPortraitUpsideDown UIInterfaceOrientationLandscapeLeft UIInterfaceOrientationLandscapeRight";
				INFOPLIST_KEY_UISupportedInterfaceOrientations_iPhone = "UIInterfaceOrientationPortrait UIInterfaceOrientationLandscapeLeft UIInterfaceOrientationLandscapeRight";
				LD_RUNPATH_SEARCH_PATHS = (
					"$(inherited)",
					"@executable_path/Frameworks",
				);
				MARKETING_VERSION = 1.0;
				PRODUCT_BUNDLE_IDENTIFIER = Test.co.in.Sample;
				PRODUCT_NAME = "$(TARGET_NAME)";
				SWIFT_EMIT_LOC_STRINGS = YES;
				SWIFT_VERSION = 5.0;
				TARGETED_DEVICE_FAMILY = "1,2";
			};
			name = Release;
		};
		EA697FC72BBC5E030083B30F /* Debug */ = {
			isa = XCBuildConfiguration;
			buildSettings = {
				CODE_SIGN_STYLE = Automatic;
				CURRENT_PROJECT_VERSION = 1;
				DEVELOPMENT_TEAM = XB33C24M49;
				GENERATE_INFOPLIST_FILE = YES;
				IPHONEOS_DEPLOYMENT_TARGET = 17.2;
				MARKETING_VERSION = 1.0;
				PRODUCT_BUNDLE_IDENTIFIER = com.cs.test.SampleUITests;
				PRODUCT_NAME = "$(TARGET_NAME)";
				SWIFT_EMIT_LOC_STRINGS = NO;
				SWIFT_VERSION = 5.0;
				TARGETED_DEVICE_FAMILY = "1,2";
				TEST_TARGET_NAME = Sample;
			};
			name = Debug;
		};
		EA697FC82BBC5E030083B30F /* Release */ = {
			isa = XCBuildConfiguration;
			buildSettings = {
				CODE_SIGN_STYLE = Automatic;
				CURRENT_PROJECT_VERSION = 1;
				DEVELOPMENT_TEAM = XB33C24M49;
				GENERATE_INFOPLIST_FILE = YES;
				IPHONEOS_DEPLOYMENT_TARGET = 17.2;
				MARKETING_VERSION = 1.0;
				PRODUCT_BUNDLE_IDENTIFIER = com.cs.test.SampleUITests;
				PRODUCT_NAME = "$(TARGET_NAME)";
				SWIFT_EMIT_LOC_STRINGS = NO;
				SWIFT_VERSION = 5.0;
				TARGETED_DEVICE_FAMILY = "1,2";
				TEST_TARGET_NAME = Sample;
			};
			name = Release;
		};
		EAA3AEC02BBB0D54004B9AE9 /* Debug */ = {
			isa = XCBuildConfiguration;
			buildSettings = {
				BUNDLE_LOADER = "$(TEST_HOST)";
				CODE_SIGN_STYLE = Automatic;
				CURRENT_PROJECT_VERSION = 1;
				DEVELOPMENT_TEAM = XB33C24M49;
				GENERATE_INFOPLIST_FILE = YES;
				IPHONEOS_DEPLOYMENT_TARGET = 17.2;
				MARKETING_VERSION = 1.0;
				PRODUCT_BUNDLE_IDENTIFIER = com.cs.test.SampleTests;
				PRODUCT_NAME = "$(TARGET_NAME)";
				SWIFT_EMIT_LOC_STRINGS = NO;
				SWIFT_VERSION = 5.0;
				TARGETED_DEVICE_FAMILY = "1,2";
				TEST_HOST = "$(BUILT_PRODUCTS_DIR)/Sample.app/$(BUNDLE_EXECUTABLE_FOLDER_PATH)/Sample";
			};
			name = Debug;
		};
		EAA3AEC12BBB0D54004B9AE9 /* Release */ = {
			isa = XCBuildConfiguration;
			buildSettings = {
				BUNDLE_LOADER = "$(TEST_HOST)";
				CODE_SIGN_STYLE = Automatic;
				CURRENT_PROJECT_VERSION = 1;
				DEVELOPMENT_TEAM = XB33C24M49;
				GENERATE_INFOPLIST_FILE = YES;
				IPHONEOS_DEPLOYMENT_TARGET = 17.2;
				MARKETING_VERSION = 1.0;
				PRODUCT_BUNDLE_IDENTIFIER = com.cs.test.SampleTests;
				PRODUCT_NAME = "$(TARGET_NAME)";
				SWIFT_EMIT_LOC_STRINGS = NO;
				SWIFT_VERSION = 5.0;
				TARGETED_DEVICE_FAMILY = "1,2";
				TEST_HOST = "$(BUILT_PRODUCTS_DIR)/Sample.app/$(BUNDLE_EXECUTABLE_FOLDER_PATH)/Sample";
			};
			name = Release;
		};
/* End XCBuildConfiguration section */

/* Begin XCConfigurationList section */
		176975E92B7A02B500D0142E /* Build configuration list for PBXProject "Sample" */ = {
			isa = XCConfigurationList;
			buildConfigurations = (
				176976032B7A02B600D0142E /* Debug */,
				176976042B7A02B600D0142E /* Release */,
			);
			defaultConfigurationIsVisible = 0;
			defaultConfigurationName = Release;
		};
		176976052B7A02B600D0142E /* Build configuration list for PBXNativeTarget "Sample" */ = {
			isa = XCConfigurationList;
			buildConfigurations = (
				176976062B7A02B600D0142E /* Debug */,
				176976072B7A02B600D0142E /* Release */,
			);
			defaultConfigurationIsVisible = 0;
			defaultConfigurationName = Release;
		};
		EA697FC92BBC5E030083B30F /* Build configuration list for PBXNativeTarget "SampleUITests" */ = {
			isa = XCConfigurationList;
			buildConfigurations = (
				EA697FC72BBC5E030083B30F /* Debug */,
				EA697FC82BBC5E030083B30F /* Release */,
			);
			defaultConfigurationIsVisible = 0;
			defaultConfigurationName = Release;
		};
		EAA3AEC22BBB0D54004B9AE9 /* Build configuration list for PBXNativeTarget "SampleTests" */ = {
			isa = XCConfigurationList;
			buildConfigurations = (
				EAA3AEC02BBB0D54004B9AE9 /* Debug */,
				EAA3AEC12BBB0D54004B9AE9 /* Release */,
			);
			defaultConfigurationIsVisible = 0;
			defaultConfigurationName = Release;
		};
/* End XCConfigurationList section */

/* Begin XCVersionGroup section */
		176975FA2B7A02B500D0142E /* Sample.xcdatamodeld */ = {
			isa = XCVersionGroup;
			children = (
				176975FB2B7A02B500D0142E /* Sample.xcdatamodel */,
			);
			currentVersion = 176975FB2B7A02B500D0142E /* Sample.xcdatamodel */;
			path = Sample.xcdatamodeld;
			sourceTree = "<group>";
			versionGroupType = wrapper.xcdatamodel;
		};
/* End XCVersionGroup section */
	};
	rootObject = 176975E62B7A02B500D0142E /* Project object */;
}
